// !$*UTF8*$!
{
	archiveVersion = 1;
	classes = {
	};
	objectVersion = 46;
	objects = {

/* Begin PBXBuildFile section */
		040C16EA1CA28D8A00EDD620 /* LoginViewController.swift in Sources */ = {isa = PBXBuildFile; fileRef = 040C16E81CA28D8A00EDD620 /* LoginViewController.swift */; };
		040C16EB1CA28D8A00EDD620 /* LoginViewController.xib in Resources */ = {isa = PBXBuildFile; fileRef = 040C16E91CA28D8A00EDD620 /* LoginViewController.xib */; };
		040C16EE1CA290CE00EDD620 /* RegisterViewController.swift in Sources */ = {isa = PBXBuildFile; fileRef = 040C16EC1CA290CE00EDD620 /* RegisterViewController.swift */; };
		040C16EF1CA290CE00EDD620 /* RegisterViewController.xib in Resources */ = {isa = PBXBuildFile; fileRef = 040C16ED1CA290CE00EDD620 /* RegisterViewController.xib */; };
		045EDE501CA1172D00D734EC /* AppDelegate.swift in Sources */ = {isa = PBXBuildFile; fileRef = 045EDE4F1CA1172D00D734EC /* AppDelegate.swift */; };
		045EDE521CA1172D00D734EC /* ViewController.swift in Sources */ = {isa = PBXBuildFile; fileRef = 045EDE511CA1172D00D734EC /* ViewController.swift */; };
		045EDE551CA1172D00D734EC /* Main.storyboard in Resources */ = {isa = PBXBuildFile; fileRef = 045EDE531CA1172D00D734EC /* Main.storyboard */; };
		045EDE571CA1172D00D734EC /* Assets.xcassets in Resources */ = {isa = PBXBuildFile; fileRef = 045EDE561CA1172D00D734EC /* Assets.xcassets */; };
		045EDE5A1CA1172D00D734EC /* LaunchScreen.storyboard in Resources */ = {isa = PBXBuildFile; fileRef = 045EDE581CA1172D00D734EC /* LaunchScreen.storyboard */; };
		045EDE651CA1172D00D734EC /* zpzk_textTests.swift in Sources */ = {isa = PBXBuildFile; fileRef = 045EDE641CA1172D00D734EC /* zpzk_textTests.swift */; };
		045EDE701CA1172D00D734EC /* zpzk_textUITests.swift in Sources */ = {isa = PBXBuildFile; fileRef = 045EDE6F1CA1172D00D734EC /* zpzk_textUITests.swift */; };
		045EDE7F1CA1248E00D734EC /* ActivityViewController.swift in Sources */ = {isa = PBXBuildFile; fileRef = 045EDE7D1CA1248E00D734EC /* ActivityViewController.swift */; };
		045EDE801CA1248E00D734EC /* ActivityViewController.xib in Resources */ = {isa = PBXBuildFile; fileRef = 045EDE7E1CA1248E00D734EC /* ActivityViewController.xib */; };
		045EDE831CA124F600D734EC /* ProductViewController.swift in Sources */ = {isa = PBXBuildFile; fileRef = 045EDE811CA124F600D734EC /* ProductViewController.swift */; };
		045EDE841CA124F600D734EC /* ProductViewController.xib in Resources */ = {isa = PBXBuildFile; fileRef = 045EDE821CA124F600D734EC /* ProductViewController.xib */; };
		045EDE871CA1254F00D734EC /* MeViewController.swift in Sources */ = {isa = PBXBuildFile; fileRef = 045EDE851CA1254F00D734EC /* MeViewController.swift */; };
		045EDE881CA1254F00D734EC /* MeViewController.xib in Resources */ = {isa = PBXBuildFile; fileRef = 045EDE861CA1254F00D734EC /* MeViewController.xib */; };
		046565D91CB38A31004500F7 /* Activity.swift in Sources */ = {isa = PBXBuildFile; fileRef = 046565D81CB38A31004500F7 /* Activity.swift */; };
		046565DB1CB496FD004500F7 /* WebImage.swift in Sources */ = {isa = PBXBuildFile; fileRef = 046565DA1CB496FD004500F7 /* WebImage.swift */; };
		0482DF231CBF31F300EBE80D /* ProductCollectionViewCell.swift in Sources */ = {isa = PBXBuildFile; fileRef = 0482DF211CBF31F300EBE80D /* ProductCollectionViewCell.swift */; };
		0482DF241CBF31F300EBE80D /* ProductCollectionViewCell.xib in Resources */ = {isa = PBXBuildFile; fileRef = 0482DF221CBF31F300EBE80D /* ProductCollectionViewCell.xib */; };
		0482DF261CBF819A00EBE80D /* Product.swift in Sources */ = {isa = PBXBuildFile; fileRef = 0482DF251CBF819A00EBE80D /* Product.swift */; };
		0482DF291CBFDDF000EBE80D /* ProductDetailViewController.swift in Sources */ = {isa = PBXBuildFile; fileRef = 0482DF271CBFDDF000EBE80D /* ProductDetailViewController.swift */; };
		0482DF2A1CBFDDF000EBE80D /* ProductDetailViewController.xib in Resources */ = {isa = PBXBuildFile; fileRef = 0482DF281CBFDDF000EBE80D /* ProductDetailViewController.xib */; };
		0482DF2C1CBFE3CF00EBE80D /* Detail.swift in Sources */ = {isa = PBXBuildFile; fileRef = 0482DF2B1CBFE3CF00EBE80D /* Detail.swift */; };
		048979311CB78ADB0022788E /* FileUtility.swift in Sources */ = {isa = PBXBuildFile; fileRef = 0489792F1CB78ADB0022788E /* FileUtility.swift */; };
		048979321CB78ADB0022788E /* UIImageView+WebImage.swift in Sources */ = {isa = PBXBuildFile; fileRef = 048979301CB78ADB0022788E /* UIImageView+WebImage.swift */; };
		048979391CBB437A0022788E /* ActivityTableViewCell.swift in Sources */ = {isa = PBXBuildFile; fileRef = 048979371CBB437A0022788E /* ActivityTableViewCell.swift */; };
		0489793A1CBB437A0022788E /* ActivityTableViewCell.xib in Resources */ = {isa = PBXBuildFile; fileRef = 048979381CBB437A0022788E /* ActivityTableViewCell.xib */; };
		0489797A1CBC89560022788E /* LogMenu.swift in Sources */ = {isa = PBXBuildFile; fileRef = 048979791CBC89560022788E /* LogMenu.swift */; };
		0493CEB01CB65BAB002F878A /* HttpServer.swift in Sources */ = {isa = PBXBuildFile; fileRef = 0493CEAF1CB65BAB002F878A /* HttpServer.swift */; };
		049C68571CC1CF4800F6FB1E /* LogMenuViewController.swift in Sources */ = {isa = PBXBuildFile; fileRef = 049C68551CC1CF4800F6FB1E /* LogMenuViewController.swift */; };
		049C68581CC1CF4800F6FB1E /* LogMenuViewController.xib in Resources */ = {isa = PBXBuildFile; fileRef = 049C68561CC1CF4800F6FB1E /* LogMenuViewController.xib */; };
		049C685B1CC1DBA700F6FB1E /* MenuCollectionViewCell.swift in Sources */ = {isa = PBXBuildFile; fileRef = 049C68591CC1DBA700F6FB1E /* MenuCollectionViewCell.swift */; };
		049C685C1CC1DBA700F6FB1E /* MenuCollectionViewCell.xib in Resources */ = {isa = PBXBuildFile; fileRef = 049C685A1CC1DBA700F6FB1E /* MenuCollectionViewCell.xib */; };
		049C685E1CC1E33500F6FB1E /* HeaderReusableView.swift in Sources */ = {isa = PBXBuildFile; fileRef = 049C685D1CC1E33500F6FB1E /* HeaderReusableView.swift */; };
		04D575501CAD368E00397CB9 /* User.swift in Sources */ = {isa = PBXBuildFile; fileRef = 04D5754F1CAD368E00397CB9 /* User.swift */; };
		1F9EF26FE712C9B46B30CD84 /* Pods.framework in Frameworks */ = {isa = PBXBuildFile; fileRef = 27116A162C40157F12186E0E /* Pods.framework */; };
/* End PBXBuildFile section */

/* Begin PBXContainerItemProxy section */
		045EDE611CA1172D00D734EC /* PBXContainerItemProxy */ = {
			isa = PBXContainerItemProxy;
			containerPortal = 045EDE441CA1172D00D734EC /* Project object */;
			proxyType = 1;
			remoteGlobalIDString = 045EDE4B1CA1172D00D734EC;
			remoteInfo = "zpzk-text";
		};
		045EDE6C1CA1172D00D734EC /* PBXContainerItemProxy */ = {
			isa = PBXContainerItemProxy;
			containerPortal = 045EDE441CA1172D00D734EC /* Project object */;
			proxyType = 1;
			remoteGlobalIDString = 045EDE4B1CA1172D00D734EC;
			remoteInfo = "zpzk-text";
		};
/* End PBXContainerItemProxy section */

/* Begin PBXFileReference section */
		040C16E81CA28D8A00EDD620 /* LoginViewController.swift */ = {isa = PBXFileReference; fileEncoding = 4; lastKnownFileType = sourcecode.swift; path = LoginViewController.swift; sourceTree = "<group>"; };
		040C16E91CA28D8A00EDD620 /* LoginViewController.xib */ = {isa = PBXFileReference; fileEncoding = 4; lastKnownFileType = file.xib; path = LoginViewController.xib; sourceTree = "<group>"; };
		040C16EC1CA290CE00EDD620 /* RegisterViewController.swift */ = {isa = PBXFileReference; fileEncoding = 4; lastKnownFileType = sourcecode.swift; path = RegisterViewController.swift; sourceTree = "<group>"; };
		040C16ED1CA290CE00EDD620 /* RegisterViewController.xib */ = {isa = PBXFileReference; fileEncoding = 4; lastKnownFileType = file.xib; path = RegisterViewController.xib; sourceTree = "<group>"; };
		045EDE4C1CA1172D00D734EC /* zpzk-text.app */ = {isa = PBXFileReference; explicitFileType = wrapper.application; includeInIndex = 0; path = "zpzk-text.app"; sourceTree = BUILT_PRODUCTS_DIR; };
		045EDE4F1CA1172D00D734EC /* AppDelegate.swift */ = {isa = PBXFileReference; lastKnownFileType = sourcecode.swift; path = AppDelegate.swift; sourceTree = "<group>"; };
		045EDE511CA1172D00D734EC /* ViewController.swift */ = {isa = PBXFileReference; lastKnownFileType = sourcecode.swift; path = ViewController.swift; sourceTree = "<group>"; };
		045EDE541CA1172D00D734EC /* Base */ = {isa = PBXFileReference; lastKnownFileType = file.storyboard; name = Base; path = Base.lproj/Main.storyboard; sourceTree = "<group>"; };
		045EDE561CA1172D00D734EC /* Assets.xcassets */ = {isa = PBXFileReference; lastKnownFileType = folder.assetcatalog; path = Assets.xcassets; sourceTree = "<group>"; };
		045EDE591CA1172D00D734EC /* Base */ = {isa = PBXFileReference; lastKnownFileType = file.storyboard; name = Base; path = Base.lproj/LaunchScreen.storyboard; sourceTree = "<group>"; };
		045EDE5B1CA1172D00D734EC /* Info.plist */ = {isa = PBXFileReference; lastKnownFileType = text.plist.xml; path = Info.plist; sourceTree = "<group>"; };
		045EDE601CA1172D00D734EC /* zpzk-textTests.xctest */ = {isa = PBXFileReference; explicitFileType = wrapper.cfbundle; includeInIndex = 0; path = "zpzk-textTests.xctest"; sourceTree = BUILT_PRODUCTS_DIR; };
		045EDE641CA1172D00D734EC /* zpzk_textTests.swift */ = {isa = PBXFileReference; lastKnownFileType = sourcecode.swift; path = zpzk_textTests.swift; sourceTree = "<group>"; };
		045EDE661CA1172D00D734EC /* Info.plist */ = {isa = PBXFileReference; lastKnownFileType = text.plist.xml; path = Info.plist; sourceTree = "<group>"; };
		045EDE6B1CA1172D00D734EC /* zpzk-textUITests.xctest */ = {isa = PBXFileReference; explicitFileType = wrapper.cfbundle; includeInIndex = 0; path = "zpzk-textUITests.xctest"; sourceTree = BUILT_PRODUCTS_DIR; };
		045EDE6F1CA1172D00D734EC /* zpzk_textUITests.swift */ = {isa = PBXFileReference; lastKnownFileType = sourcecode.swift; path = zpzk_textUITests.swift; sourceTree = "<group>"; };
		045EDE711CA1172D00D734EC /* Info.plist */ = {isa = PBXFileReference; lastKnownFileType = text.plist.xml; path = Info.plist; sourceTree = "<group>"; };
		045EDE7D1CA1248E00D734EC /* ActivityViewController.swift */ = {isa = PBXFileReference; fileEncoding = 4; lastKnownFileType = sourcecode.swift; path = ActivityViewController.swift; sourceTree = "<group>"; };
		045EDE7E1CA1248E00D734EC /* ActivityViewController.xib */ = {isa = PBXFileReference; fileEncoding = 4; lastKnownFileType = file.xib; path = ActivityViewController.xib; sourceTree = "<group>"; };
		045EDE811CA124F600D734EC /* ProductViewController.swift */ = {isa = PBXFileReference; fileEncoding = 4; lastKnownFileType = sourcecode.swift; path = ProductViewController.swift; sourceTree = "<group>"; };
		045EDE821CA124F600D734EC /* ProductViewController.xib */ = {isa = PBXFileReference; fileEncoding = 4; lastKnownFileType = file.xib; path = ProductViewController.xib; sourceTree = "<group>"; };
		045EDE851CA1254F00D734EC /* MeViewController.swift */ = {isa = PBXFileReference; fileEncoding = 4; lastKnownFileType = sourcecode.swift; path = MeViewController.swift; sourceTree = "<group>"; };
		045EDE861CA1254F00D734EC /* MeViewController.xib */ = {isa = PBXFileReference; fileEncoding = 4; lastKnownFileType = file.xib; path = MeViewController.xib; sourceTree = "<group>"; };
		046565D81CB38A31004500F7 /* Activity.swift */ = {isa = PBXFileReference; fileEncoding = 4; lastKnownFileType = sourcecode.swift; path = Activity.swift; sourceTree = "<group>"; };
		046565DA1CB496FD004500F7 /* WebImage.swift */ = {isa = PBXFileReference; fileEncoding = 4; lastKnownFileType = sourcecode.swift; path = WebImage.swift; sourceTree = "<group>"; };
		0482DF211CBF31F300EBE80D /* ProductCollectionViewCell.swift */ = {isa = PBXFileReference; fileEncoding = 4; lastKnownFileType = sourcecode.swift; path = ProductCollectionViewCell.swift; sourceTree = "<group>"; };
		0482DF221CBF31F300EBE80D /* ProductCollectionViewCell.xib */ = {isa = PBXFileReference; fileEncoding = 4; lastKnownFileType = file.xib; path = ProductCollectionViewCell.xib; sourceTree = "<group>"; };
		0482DF251CBF819A00EBE80D /* Product.swift */ = {isa = PBXFileReference; fileEncoding = 4; lastKnownFileType = sourcecode.swift; path = Product.swift; sourceTree = "<group>"; };
		0482DF271CBFDDF000EBE80D /* ProductDetailViewController.swift */ = {isa = PBXFileReference; fileEncoding = 4; lastKnownFileType = sourcecode.swift; path = ProductDetailViewController.swift; sourceTree = "<group>"; };
		0482DF281CBFDDF000EBE80D /* ProductDetailViewController.xib */ = {isa = PBXFileReference; fileEncoding = 4; lastKnownFileType = file.xib; path = ProductDetailViewController.xib; sourceTree = "<group>"; };
		0482DF2B1CBFE3CF00EBE80D /* Detail.swift */ = {isa = PBXFileReference; fileEncoding = 4; lastKnownFileType = sourcecode.swift; path = Detail.swift; sourceTree = "<group>"; };
		0489792F1CB78ADB0022788E /* FileUtility.swift */ = {isa = PBXFileReference; fileEncoding = 4; lastKnownFileType = sourcecode.swift; path = FileUtility.swift; sourceTree = "<group>"; };
		048979301CB78ADB0022788E /* UIImageView+WebImage.swift */ = {isa = PBXFileReference; fileEncoding = 4; lastKnownFileType = sourcecode.swift; path = "UIImageView+WebImage.swift"; sourceTree = "<group>"; };
		048979371CBB437A0022788E /* ActivityTableViewCell.swift */ = {isa = PBXFileReference; fileEncoding = 4; lastKnownFileType = sourcecode.swift; path = ActivityTableViewCell.swift; sourceTree = "<group>"; };
		048979381CBB437A0022788E /* ActivityTableViewCell.xib */ = {isa = PBXFileReference; fileEncoding = 4; lastKnownFileType = file.xib; path = ActivityTableViewCell.xib; sourceTree = "<group>"; };
		048979791CBC89560022788E /* LogMenu.swift */ = {isa = PBXFileReference; fileEncoding = 4; lastKnownFileType = sourcecode.swift; path = LogMenu.swift; sourceTree = "<group>"; };
		048979841CBD2DC70022788E /* API_UIL.pch */ = {isa = PBXFileReference; lastKnownFileType = sourcecode.c.h; path = API_UIL.pch; sourceTree = "<group>"; };
		0493CEAF1CB65BAB002F878A /* HttpServer.swift */ = {isa = PBXFileReference; fileEncoding = 4; lastKnownFileType = sourcecode.swift; path = HttpServer.swift; sourceTree = "<group>"; };
		049C68551CC1CF4800F6FB1E /* LogMenuViewController.swift */ = {isa = PBXFileReference; fileEncoding = 4; lastKnownFileType = sourcecode.swift; path = LogMenuViewController.swift; sourceTree = "<group>"; };
		049C68561CC1CF4800F6FB1E /* LogMenuViewController.xib */ = {isa = PBXFileReference; fileEncoding = 4; lastKnownFileType = file.xib; path = LogMenuViewController.xib; sourceTree = "<group>"; };
		049C68591CC1DBA700F6FB1E /* MenuCollectionViewCell.swift */ = {isa = PBXFileReference; fileEncoding = 4; lastKnownFileType = sourcecode.swift; path = MenuCollectionViewCell.swift; sourceTree = "<group>"; };
		049C685A1CC1DBA700F6FB1E /* MenuCollectionViewCell.xib */ = {isa = PBXFileReference; fileEncoding = 4; lastKnownFileType = file.xib; path = MenuCollectionViewCell.xib; sourceTree = "<group>"; };
		049C685D1CC1E33500F6FB1E /* HeaderReusableView.swift */ = {isa = PBXFileReference; fileEncoding = 4; lastKnownFileType = sourcecode.swift; path = HeaderReusableView.swift; sourceTree = "<group>"; };
		04D5754F1CAD368E00397CB9 /* User.swift */ = {isa = PBXFileReference; fileEncoding = 4; lastKnownFileType = sourcecode.swift; path = User.swift; sourceTree = "<group>"; };
		27116A162C40157F12186E0E /* Pods.framework */ = {isa = PBXFileReference; explicitFileType = wrapper.framework; includeInIndex = 0; path = Pods.framework; sourceTree = BUILT_PRODUCTS_DIR; };
		E8058B50093D4E3B5387DDDE /* Pods.release.xcconfig */ = {isa = PBXFileReference; includeInIndex = 1; lastKnownFileType = text.xcconfig; name = Pods.release.xcconfig; path = "Pods/Target Support Files/Pods/Pods.release.xcconfig"; sourceTree = "<group>"; };
		ED33315EE9B00F50409B8FEA /* Pods.debug.xcconfig */ = {isa = PBXFileReference; includeInIndex = 1; lastKnownFileType = text.xcconfig; name = Pods.debug.xcconfig; path = "Pods/Target Support Files/Pods/Pods.debug.xcconfig"; sourceTree = "<group>"; };
/* End PBXFileReference section */

/* Begin PBXFrameworksBuildPhase section */
		045EDE491CA1172D00D734EC /* Frameworks */ = {
			isa = PBXFrameworksBuildPhase;
			buildActionMask = 2147483647;
			files = (
				1F9EF26FE712C9B46B30CD84 /* Pods.framework in Frameworks */,
			);
			runOnlyForDeploymentPostprocessing = 0;
		};
		045EDE5D1CA1172D00D734EC /* Frameworks */ = {
			isa = PBXFrameworksBuildPhase;
			buildActionMask = 2147483647;
			files = (
			);
			runOnlyForDeploymentPostprocessing = 0;
		};
		045EDE681CA1172D00D734EC /* Frameworks */ = {
			isa = PBXFrameworksBuildPhase;
			buildActionMask = 2147483647;
			files = (
			);
			runOnlyForDeploymentPostprocessing = 0;
		};
/* End PBXFrameworksBuildPhase section */

/* Begin PBXGroup section */
		0458443A1CAE104400F5D597 /* model */ = {
			isa = PBXGroup;
			children = (
				04D5754F1CAD368E00397CB9 /* User.swift */,
				046565D81CB38A31004500F7 /* Activity.swift */,
				046565DA1CB496FD004500F7 /* WebImage.swift */,
				0493CEAF1CB65BAB002F878A /* HttpServer.swift */,
				048979791CBC89560022788E /* LogMenu.swift */,
				0482DF251CBF819A00EBE80D /* Product.swift */,
				0482DF2B1CBFE3CF00EBE80D /* Detail.swift */,
			);
			name = model;
			sourceTree = "<group>";
		};
		045EDE431CA1172D00D734EC = {
			isa = PBXGroup;
			children = (
				045EDE4E1CA1172D00D734EC /* zpzk-text */,
				045EDE631CA1172D00D734EC /* zpzk-textTests */,
				045EDE6E1CA1172D00D734EC /* zpzk-textUITests */,
				045EDE4D1CA1172D00D734EC /* Products */,
				6DD6BB003EF50934CC53505F /* Pods */,
				352C16B2751245372B806E0B /* Frameworks */,
			);
			sourceTree = "<group>";
		};
		045EDE4D1CA1172D00D734EC /* Products */ = {
			isa = PBXGroup;
			children = (
				045EDE4C1CA1172D00D734EC /* zpzk-text.app */,
				045EDE601CA1172D00D734EC /* zpzk-textTests.xctest */,
				045EDE6B1CA1172D00D734EC /* zpzk-textUITests.xctest */,
			);
			name = Products;
			sourceTree = "<group>";
		};
		045EDE4E1CA1172D00D734EC /* zpzk-text */ = {
			isa = PBXGroup;
			children = (
				0489792E1CB78AC80022788E /* Webimage */,
				0458443A1CAE104400F5D597 /* model */,
				04D5754C1CACFC6400397CB9 /* cell */,
				045EDE4F1CA1172D00D734EC /* AppDelegate.swift */,
				045EDE511CA1172D00D734EC /* ViewController.swift */,
				045EDE7D1CA1248E00D734EC /* ActivityViewController.swift */,
				045EDE7E1CA1248E00D734EC /* ActivityViewController.xib */,
				045EDE811CA124F600D734EC /* ProductViewController.swift */,
				045EDE821CA124F600D734EC /* ProductViewController.xib */,
				0482DF271CBFDDF000EBE80D /* ProductDetailViewController.swift */,
				0482DF281CBFDDF000EBE80D /* ProductDetailViewController.xib */,
				049C68551CC1CF4800F6FB1E /* LogMenuViewController.swift */,
				049C68561CC1CF4800F6FB1E /* LogMenuViewController.xib */,
				045EDE851CA1254F00D734EC /* MeViewController.swift */,
				045EDE861CA1254F00D734EC /* MeViewController.xib */,
				040C16E81CA28D8A00EDD620 /* LoginViewController.swift */,
				040C16E91CA28D8A00EDD620 /* LoginViewController.xib */,
				040C16EC1CA290CE00EDD620 /* RegisterViewController.swift */,
				040C16ED1CA290CE00EDD620 /* RegisterViewController.xib */,
				045EDE531CA1172D00D734EC /* Main.storyboard */,
				048979841CBD2DC70022788E /* API_UIL.pch */,
				045EDE561CA1172D00D734EC /* Assets.xcassets */,
				045EDE581CA1172D00D734EC /* LaunchScreen.storyboard */,
				045EDE5B1CA1172D00D734EC /* Info.plist */,
			);
			path = "zpzk-text";
			sourceTree = "<group>";
		};
		045EDE631CA1172D00D734EC /* zpzk-textTests */ = {
			isa = PBXGroup;
			children = (
				045EDE641CA1172D00D734EC /* zpzk_textTests.swift */,
				045EDE661CA1172D00D734EC /* Info.plist */,
			);
			path = "zpzk-textTests";
			sourceTree = "<group>";
		};
		045EDE6E1CA1172D00D734EC /* zpzk-textUITests */ = {
			isa = PBXGroup;
			children = (
				045EDE6F1CA1172D00D734EC /* zpzk_textUITests.swift */,
				045EDE711CA1172D00D734EC /* Info.plist */,
			);
			path = "zpzk-textUITests";
			sourceTree = "<group>";
		};
		0489792E1CB78AC80022788E /* Webimage */ = {
			isa = PBXGroup;
			children = (
				0489792F1CB78ADB0022788E /* FileUtility.swift */,
				048979301CB78ADB0022788E /* UIImageView+WebImage.swift */,
			);
			name = Webimage;
			sourceTree = "<group>";
		};
		04D5754C1CACFC6400397CB9 /* cell */ = {
			isa = PBXGroup;
			children = (
				048979371CBB437A0022788E /* ActivityTableViewCell.swift */,
				048979381CBB437A0022788E /* ActivityTableViewCell.xib */,
				0482DF211CBF31F300EBE80D /* ProductCollectionViewCell.swift */,
				0482DF221CBF31F300EBE80D /* ProductCollectionViewCell.xib */,
				049C68591CC1DBA700F6FB1E /* MenuCollectionViewCell.swift */,
				049C685A1CC1DBA700F6FB1E /* MenuCollectionViewCell.xib */,
				049C685D1CC1E33500F6FB1E /* HeaderReusableView.swift */,
			);
			name = cell;
			sourceTree = "<group>";
		};
		352C16B2751245372B806E0B /* Frameworks */ = {
			isa = PBXGroup;
			children = (
				27116A162C40157F12186E0E /* Pods.framework */,
			);
			name = Frameworks;
			sourceTree = "<group>";
		};
		6DD6BB003EF50934CC53505F /* Pods */ = {
			isa = PBXGroup;
			children = (
				ED33315EE9B00F50409B8FEA /* Pods.debug.xcconfig */,
				E8058B50093D4E3B5387DDDE /* Pods.release.xcconfig */,
			);
			name = Pods;
			sourceTree = "<group>";
		};
/* End PBXGroup section */

/* Begin PBXNativeTarget section */
		045EDE4B1CA1172D00D734EC /* zpzk-text */ = {
			isa = PBXNativeTarget;
			buildConfigurationList = 045EDE741CA1172E00D734EC /* Build configuration list for PBXNativeTarget "zpzk-text" */;
			buildPhases = (
				2B3911EE615BC196B2603623 /* Check Pods Manifest.lock */,
				045EDE481CA1172D00D734EC /* Sources */,
				045EDE491CA1172D00D734EC /* Frameworks */,
				045EDE4A1CA1172D00D734EC /* Resources */,
				83CCBBE993234845B8809670 /* Embed Pods Frameworks */,
				4FF337A06F35D8D4758E23E7 /* Copy Pods Resources */,
			);
			buildRules = (
			);
			dependencies = (
			);
			name = "zpzk-text";
			productName = "zpzk-text";
			productReference = 045EDE4C1CA1172D00D734EC /* zpzk-text.app */;
			productType = "com.apple.product-type.application";
		};
		045EDE5F1CA1172D00D734EC /* zpzk-textTests */ = {
			isa = PBXNativeTarget;
			buildConfigurationList = 045EDE771CA1172E00D734EC /* Build configuration list for PBXNativeTarget "zpzk-textTests" */;
			buildPhases = (
				045EDE5C1CA1172D00D734EC /* Sources */,
				045EDE5D1CA1172D00D734EC /* Frameworks */,
				045EDE5E1CA1172D00D734EC /* Resources */,
			);
			buildRules = (
			);
			dependencies = (
				045EDE621CA1172D00D734EC /* PBXTargetDependency */,
			);
			name = "zpzk-textTests";
			productName = "zpzk-textTests";
			productReference = 045EDE601CA1172D00D734EC /* zpzk-textTests.xctest */;
			productType = "com.apple.product-type.bundle.unit-test";
		};
		045EDE6A1CA1172D00D734EC /* zpzk-textUITests */ = {
			isa = PBXNativeTarget;
			buildConfigurationList = 045EDE7A1CA1172E00D734EC /* Build configuration list for PBXNativeTarget "zpzk-textUITests" */;
			buildPhases = (
				045EDE671CA1172D00D734EC /* Sources */,
				045EDE681CA1172D00D734EC /* Frameworks */,
				045EDE691CA1172D00D734EC /* Resources */,
			);
			buildRules = (
			);
			dependencies = (
				045EDE6D1CA1172D00D734EC /* PBXTargetDependency */,
			);
			name = "zpzk-textUITests";
			productName = "zpzk-textUITests";
			productReference = 045EDE6B1CA1172D00D734EC /* zpzk-textUITests.xctest */;
			productType = "com.apple.product-type.bundle.ui-testing";
		};
/* End PBXNativeTarget section */

/* Begin PBXProject section */
		045EDE441CA1172D00D734EC /* Project object */ = {
			isa = PBXProject;
			attributes = {
				LastSwiftUpdateCheck = 0720;
				LastUpgradeCheck = 0720;
				ORGANIZATIONNAME = mac;
				TargetAttributes = {
					045EDE4B1CA1172D00D734EC = {
						CreatedOnToolsVersion = 7.2.1;
					};
					045EDE5F1CA1172D00D734EC = {
						CreatedOnToolsVersion = 7.2.1;
						TestTargetID = 045EDE4B1CA1172D00D734EC;
					};
					045EDE6A1CA1172D00D734EC = {
						CreatedOnToolsVersion = 7.2.1;
						TestTargetID = 045EDE4B1CA1172D00D734EC;
					};
				};
			};
			buildConfigurationList = 045EDE471CA1172D00D734EC /* Build configuration list for PBXProject "zpzk-text" */;
			compatibilityVersion = "Xcode 3.2";
			developmentRegion = English;
			hasScannedForEncodings = 0;
			knownRegions = (
				en,
				Base,
			);
			mainGroup = 045EDE431CA1172D00D734EC;
			productRefGroup = 045EDE4D1CA1172D00D734EC /* Products */;
			projectDirPath = "";
			projectRoot = "";
			targets = (
				045EDE4B1CA1172D00D734EC /* zpzk-text */,
				045EDE5F1CA1172D00D734EC /* zpzk-textTests */,
				045EDE6A1CA1172D00D734EC /* zpzk-textUITests */,
			);
		};
/* End PBXProject section */

/* Begin PBXResourcesBuildPhase section */
		045EDE4A1CA1172D00D734EC /* Resources */ = {
			isa = PBXResourcesBuildPhase;
			buildActionMask = 2147483647;
			files = (
				045EDE881CA1254F00D734EC /* MeViewController.xib in Resources */,
				0489793A1CBB437A0022788E /* ActivityTableViewCell.xib in Resources */,
				0482DF241CBF31F300EBE80D /* ProductCollectionViewCell.xib in Resources */,
				045EDE5A1CA1172D00D734EC /* LaunchScreen.storyboard in Resources */,
				049C68581CC1CF4800F6FB1E /* LogMenuViewController.xib in Resources */,
				045EDE571CA1172D00D734EC /* Assets.xcassets in Resources */,
				045EDE551CA1172D00D734EC /* Main.storyboard in Resources */,
				045EDE801CA1248E00D734EC /* ActivityViewController.xib in Resources */,
				040C16EB1CA28D8A00EDD620 /* LoginViewController.xib in Resources */,
				0482DF2A1CBFDDF000EBE80D /* ProductDetailViewController.xib in Resources */,
				045EDE841CA124F600D734EC /* ProductViewController.xib in Resources */,
				049C685C1CC1DBA700F6FB1E /* MenuCollectionViewCell.xib in Resources */,
				040C16EF1CA290CE00EDD620 /* RegisterViewController.xib in Resources */,
			);
			runOnlyForDeploymentPostprocessing = 0;
		};
		045EDE5E1CA1172D00D734EC /* Resources */ = {
			isa = PBXResourcesBuildPhase;
			buildActionMask = 2147483647;
			files = (
			);
			runOnlyForDeploymentPostprocessing = 0;
		};
		045EDE691CA1172D00D734EC /* Resources */ = {
			isa = PBXResourcesBuildPhase;
			buildActionMask = 2147483647;
			files = (
			);
			runOnlyForDeploymentPostprocessing = 0;
		};
/* End PBXResourcesBuildPhase section */

/* Begin PBXShellScriptBuildPhase section */
		2B3911EE615BC196B2603623 /* Check Pods Manifest.lock */ = {
			isa = PBXShellScriptBuildPhase;
			buildActionMask = 2147483647;
			files = (
			);
			inputPaths = (
			);
			name = "Check Pods Manifest.lock";
			outputPaths = (
			);
			runOnlyForDeploymentPostprocessing = 0;
			shellPath = /bin/sh;
			shellScript = "diff \"${PODS_ROOT}/../Podfile.lock\" \"${PODS_ROOT}/Manifest.lock\" > /dev/null\nif [[ $? != 0 ]] ; then\n    cat << EOM\nerror: The sandbox is not in sync with the Podfile.lock. Run 'pod install' or update your CocoaPods installation.\nEOM\n    exit 1\nfi\n";
			showEnvVarsInLog = 0;
		};
		4FF337A06F35D8D4758E23E7 /* Copy Pods Resources */ = {
			isa = PBXShellScriptBuildPhase;
			buildActionMask = 2147483647;
			files = (
			);
			inputPaths = (
			);
			name = "Copy Pods Resources";
			outputPaths = (
			);
			runOnlyForDeploymentPostprocessing = 0;
			shellPath = /bin/sh;
			shellScript = "\"${SRCROOT}/Pods/Target Support Files/Pods/Pods-resources.sh\"\n";
			showEnvVarsInLog = 0;
		};
		83CCBBE993234845B8809670 /* Embed Pods Frameworks */ = {
			isa = PBXShellScriptBuildPhase;
			buildActionMask = 2147483647;
			files = (
			);
			inputPaths = (
			);
			name = "Embed Pods Frameworks";
			outputPaths = (
			);
			runOnlyForDeploymentPostprocessing = 0;
			shellPath = /bin/sh;
			shellScript = "\"${SRCROOT}/Pods/Target Support Files/Pods/Pods-frameworks.sh\"\n";
			showEnvVarsInLog = 0;
		};
/* End PBXShellScriptBuildPhase section */

/* Begin PBXSourcesBuildPhase section */
		045EDE481CA1172D00D734EC /* Sources */ = {
			isa = PBXSourcesBuildPhase;
			buildActionMask = 2147483647;
			files = (
				048979311CB78ADB0022788E /* FileUtility.swift in Sources */,
				040C16EA1CA28D8A00EDD620 /* LoginViewController.swift in Sources */,
				0482DF231CBF31F300EBE80D /* ProductCollectionViewCell.swift in Sources */,
				045EDE871CA1254F00D734EC /* MeViewController.swift in Sources */,
				0482DF2C1CBFE3CF00EBE80D /* Detail.swift in Sources */,
				046565DB1CB496FD004500F7 /* WebImage.swift in Sources */,
				048979391CBB437A0022788E /* ActivityTableViewCell.swift in Sources */,
				040C16EE1CA290CE00EDD620 /* RegisterViewController.swift in Sources */,
				049C685B1CC1DBA700F6FB1E /* MenuCollectionViewCell.swift in Sources */,
				045EDE521CA1172D00D734EC /* ViewController.swift in Sources */,
				0489797A1CBC89560022788E /* LogMenu.swift in Sources */,
				0482DF261CBF819A00EBE80D /* Product.swift in Sources */,
				04D575501CAD368E00397CB9 /* User.swift in Sources */,
				0482DF291CBFDDF000EBE80D /* ProductDetailViewController.swift in Sources */,
				049C685E1CC1E33500F6FB1E /* HeaderReusableView.swift in Sources */,
				0493CEB01CB65BAB002F878A /* HttpServer.swift in Sources */,
				045EDE7F1CA1248E00D734EC /* ActivityViewController.swift in Sources */,
				048979321CB78ADB0022788E /* UIImageView+WebImage.swift in Sources */,
				049C68571CC1CF4800F6FB1E /* LogMenuViewController.swift in Sources */,
				046565D91CB38A31004500F7 /* Activity.swift in Sources */,
				045EDE831CA124F600D734EC /* ProductViewController.swift in Sources */,
				045EDE501CA1172D00D734EC /* AppDelegate.swift in Sources */,
			);
			runOnlyForDeploymentPostprocessing = 0;
		};
		045EDE5C1CA1172D00D734EC /* Sources */ = {
			isa = PBXSourcesBuildPhase;
			buildActionMask = 2147483647;
			files = (
				045EDE651CA1172D00D734EC /* zpzk_textTests.swift in Sources */,
			);
			runOnlyForDeploymentPostprocessing = 0;
		};
		045EDE671CA1172D00D734EC /* Sources */ = {
			isa = PBXSourcesBuildPhase;
			buildActionMask = 2147483647;
			files = (
				045EDE701CA1172D00D734EC /* zpzk_textUITests.swift in Sources */,
			);
			runOnlyForDeploymentPostprocessing = 0;
		};
/* End PBXSourcesBuildPhase section */

/* Begin PBXTargetDependency section */
		045EDE621CA1172D00D734EC /* PBXTargetDependency */ = {
			isa = PBXTargetDependency;
			target = 045EDE4B1CA1172D00D734EC /* zpzk-text */;
			targetProxy = 045EDE611CA1172D00D734EC /* PBXContainerItemProxy */;
		};
		045EDE6D1CA1172D00D734EC /* PBXTargetDependency */ = {
			isa = PBXTargetDependency;
			target = 045EDE4B1CA1172D00D734EC /* zpzk-text */;
			targetProxy = 045EDE6C1CA1172D00D734EC /* PBXContainerItemProxy */;
		};
/* End PBXTargetDependency section */

/* Begin PBXVariantGroup section */
		045EDE531CA1172D00D734EC /* Main.storyboard */ = {
			isa = PBXVariantGroup;
			children = (
				045EDE541CA1172D00D734EC /* Base */,
			);
			name = Main.storyboard;
			sourceTree = "<group>";
		};
		045EDE581CA1172D00D734EC /* LaunchScreen.storyboard */ = {
			isa = PBXVariantGroup;
			children = (
				045EDE591CA1172D00D734EC /* Base */,
			);
			name = LaunchScreen.storyboard;
			sourceTree = "<group>";
		};
/* End PBXVariantGroup section */

/* Begin XCBuildConfiguration section */
		045EDE721CA1172E00D734EC /* Debug */ = {
			isa = XCBuildConfiguration;
			buildSettings = {
				ALWAYS_SEARCH_USER_PATHS = NO;
				CLANG_CXX_LANGUAGE_STANDARD = "gnu++0x";
				CLANG_CXX_LIBRARY = "libc++";
				CLANG_ENABLE_MODULES = YES;
				CLANG_ENABLE_OBJC_ARC = YES;
				CLANG_WARN_BOOL_CONVERSION = YES;
				CLANG_WARN_CONSTANT_CONVERSION = YES;
				CLANG_WARN_DIRECT_OBJC_ISA_USAGE = YES_ERROR;
				CLANG_WARN_EMPTY_BODY = YES;
				CLANG_WARN_ENUM_CONVERSION = YES;
				CLANG_WARN_INT_CONVERSION = YES;
				CLANG_WARN_OBJC_ROOT_CLASS = YES_ERROR;
				CLANG_WARN_UNREACHABLE_CODE = YES;
				CLANG_WARN__DUPLICATE_METHOD_MATCH = YES;
				"CODE_SIGN_IDENTITY[sdk=iphoneos*]" = "iPhone Developer";
				COPY_PHASE_STRIP = NO;
				DEBUG_INFORMATION_FORMAT = dwarf;
				ENABLE_STRICT_OBJC_MSGSEND = YES;
				ENABLE_TESTABILITY = YES;
				GCC_C_LANGUAGE_STANDARD = gnu99;
				GCC_DYNAMIC_NO_PIC = NO;
				GCC_NO_COMMON_BLOCKS = YES;
				GCC_OPTIMIZATION_LEVEL = 0;
				GCC_PREPROCESSOR_DEFINITIONS = (
					"DEBUG=1",
					"$(inherited)",
				);
				GCC_WARN_64_TO_32_BIT_CONVERSION = YES;
				GCC_WARN_ABOUT_RETURN_TYPE = YES_ERROR;
				GCC_WARN_UNDECLARED_SELECTOR = YES;
				GCC_WARN_UNINITIALIZED_AUTOS = YES_AGGRESSIVE;
				GCC_WARN_UNUSED_FUNCTION = YES;
				GCC_WARN_UNUSED_VARIABLE = YES;
				IPHONEOS_DEPLOYMENT_TARGET = 9.2;
				MTL_ENABLE_DEBUG_INFO = YES;
				ONLY_ACTIVE_ARCH = YES;
				SDKROOT = iphoneos;
				SWIFT_OPTIMIZATION_LEVEL = "-Onone";
				TARGETED_DEVICE_FAMILY = "1,2";
			};
			name = Debug;
		};
		045EDE731CA1172E00D734EC /* Release */ = {
			isa = XCBuildConfiguration;
			buildSettings = {
				ALWAYS_SEARCH_USER_PATHS = NO;
				CLANG_CXX_LANGUAGE_STANDARD = "gnu++0x";
				CLANG_CXX_LIBRARY = "libc++";
				CLANG_ENABLE_MODULES = YES;
				CLANG_ENABLE_OBJC_ARC = YES;
				CLANG_WARN_BOOL_CONVERSION = YES;
				CLANG_WARN_CONSTANT_CONVERSION = YES;
				CLANG_WARN_DIRECT_OBJC_ISA_USAGE = YES_ERROR;
				CLANG_WARN_EMPTY_BODY = YES;
				CLANG_WARN_ENUM_CONVERSION = YES;
				CLANG_WARN_INT_CONVERSION = YES;
				CLANG_WARN_OBJC_ROOT_CLASS = YES_ERROR;
				CLANG_WARN_UNREACHABLE_CODE = YES;
				CLANG_WARN__DUPLICATE_METHOD_MATCH = YES;
				"CODE_SIGN_IDENTITY[sdk=iphoneos*]" = "iPhone Developer";
				COPY_PHASE_STRIP = NO;
				DEBUG_INFORMATION_FORMAT = "dwarf-with-dsym";
				ENABLE_NS_ASSERTIONS = NO;
				ENABLE_STRICT_OBJC_MSGSEND = YES;
				GCC_C_LANGUAGE_STANDARD = gnu99;
				GCC_NO_COMMON_BLOCKS = YES;
				GCC_WARN_64_TO_32_BIT_CONVERSION = YES;
				GCC_WARN_ABOUT_RETURN_TYPE = YES_ERROR;
				GCC_WARN_UNDECLARED_SELECTOR = YES;
				GCC_WARN_UNINITIALIZED_AUTOS = YES_AGGRESSIVE;
				GCC_WARN_UNUSED_FUNCTION = YES;
				GCC_WARN_UNUSED_VARIABLE = YES;
				IPHONEOS_DEPLOYMENT_TARGET = 9.2;
				MTL_ENABLE_DEBUG_INFO = NO;
				SDKROOT = iphoneos;
				TARGETED_DEVICE_FAMILY = "1,2";
				VALIDATE_PRODUCT = YES;
			};
			name = Release;
		};
		045EDE751CA1172E00D734EC /* Debug */ = {
			isa = XCBuildConfiguration;
			baseConfigurationReference = ED33315EE9B00F50409B8FEA /* Pods.debug.xcconfig */;
			buildSettings = {
				ASSETCATALOG_COMPILER_APPICON_NAME = AppIcon;
				INFOPLIST_FILE = "zpzk-text/Info.plist";
				LD_RUNPATH_SEARCH_PATHS = "$(inherited) @executable_path/Frameworks";
				PRODUCT_BUNDLE_IDENTIFIER = "com.pengrui.zptext.zpzk-text";
				PRODUCT_NAME = "$(TARGET_NAME)";
			};
			name = Debug;
		};
		045EDE761CA1172E00D734EC /* Release */ = {
			isa = XCBuildConfiguration;
			baseConfigurationReference = E8058B50093D4E3B5387DDDE /* Pods.release.xcconfig */;
			buildSettings = {
				ASSETCATALOG_COMPILER_APPICON_NAME = AppIcon;
				INFOPLIST_FILE = "zpzk-text/Info.plist";
				LD_RUNPATH_SEARCH_PATHS = "$(inherited) @executable_path/Frameworks";
				PRODUCT_BUNDLE_IDENTIFIER = "com.pengrui.zptext.zpzk-text";
				PRODUCT_NAME = "$(TARGET_NAME)";
			};
			name = Release;
		};
		045EDE781CA1172E00D734EC /* Debug */ = {
			isa = XCBuildConfiguration;
			buildSettings = {
				BUNDLE_LOADER = "$(TEST_HOST)";
				INFOPLIST_FILE = "zpzk-textTests/Info.plist";
				LD_RUNPATH_SEARCH_PATHS = "$(inherited) @executable_path/Frameworks @loader_path/Frameworks";
				PRODUCT_BUNDLE_IDENTIFIER = "com.pengrui.zptext.zpzk-textTests";
				PRODUCT_NAME = "$(TARGET_NAME)";
				TEST_HOST = "$(BUILT_PRODUCTS_DIR)/zpzk-text.app/zpzk-text";
			};
			name = Debug;
		};
		045EDE791CA1172E00D734EC /* Release */ = {
			isa = XCBuildConfiguration;
			buildSettings = {
				BUNDLE_LOADER = "$(TEST_HOST)";
				INFOPLIST_FILE = "zpzk-textTests/Info.plist";
				LD_RUNPATH_SEARCH_PATHS = "$(inherited) @executable_path/Frameworks @loader_path/Frameworks";
				PRODUCT_BUNDLE_IDENTIFIER = "com.pengrui.zptext.zpzk-textTests";
				PRODUCT_NAME = "$(TARGET_NAME)";
				TEST_HOST = "$(BUILT_PRODUCTS_DIR)/zpzk-text.app/zpzk-text";
			};
			name = Release;
		};
		045EDE7B1CA1172E00D734EC /* Debug */ = {
			isa = XCBuildConfiguration;
			buildSettings = {
				INFOPLIST_FILE = "zpzk-textUITests/Info.plist";
				LD_RUNPATH_SEARCH_PATHS = "$(inherited) @executable_path/Frameworks @loader_path/Frameworks";
				PRODUCT_BUNDLE_IDENTIFIER = "com.pengrui.zptext.zpzk-textUITests";
				PRODUCT_NAME = "$(TARGET_NAME)";
				TEST_TARGET_NAME = "zpzk-text";
				USES_XCTRUNNER = YES;
			};
			name = Debug;
		};
		045EDE7C1CA1172E00D734EC /* Release */ = {
			isa = XCBuildConfiguration;
			buildSettings = {
				INFOPLIST_FILE = "zpzk-textUITests/Info.plist";
				LD_RUNPATH_SEARCH_PATHS = "$(inherited) @executable_path/Frameworks @loader_path/Frameworks";
				PRODUCT_BUNDLE_IDENTIFIER = "com.pengrui.zptext.zpzk-textUITests";
				PRODUCT_NAME = "$(TARGET_NAME)";
				TEST_TARGET_NAME = "zpzk-text";
				USES_XCTRUNNER = YES;
			};
			name = Release;
		};
/* End XCBuildConfiguration section */

/* Begin XCConfigurationList section */
		045EDE471CA1172D00D734EC /* Build configuration list for PBXProject "zpzk-text" */ = {
			isa = XCConfigurationList;
			buildConfigurations = (
				045EDE721CA1172E00D734EC /* Debug */,
				045EDE731CA1172E00D734EC /* Release */,
			);
			defaultConfigurationIsVisible = 0;
			defaultConfigurationName = Release;
		};
		045EDE741CA1172E00D734EC /* Build configuration list for PBXNativeTarget "zpzk-text" */ = {
			isa = XCConfigurationList;
			buildConfigurations = (
				045EDE751CA1172E00D734EC /* Debug */,
				045EDE761CA1172E00D734EC /* Release */,
			);
			defaultConfigurationIsVisible = 0;
			defaultConfigurationName = Release;
		};
		045EDE771CA1172E00D734EC /* Build configuration list for PBXNativeTarget "zpzk-textTests" */ = {
			isa = XCConfigurationList;
			buildConfigurations = (
				045EDE781CA1172E00D734EC /* Debug */,
				045EDE791CA1172E00D734EC /* Release */,
			);
			defaultConfigurationIsVisible = 0;
			defaultConfigurationName = Release;
		};
		045EDE7A1CA1172E00D734EC /* Build configuration list for PBXNativeTarget "zpzk-textUITests" */ = {
			isa = XCConfigurationList;
			buildConfigurations = (
				045EDE7B1CA1172E00D734EC /* Debug */,
				045EDE7C1CA1172E00D734EC /* Release */,
			);
			defaultConfigurationIsVisible = 0;
			defaultConfigurationName = Release;
		};
/* End XCConfigurationList section */
	};
	rootObject = 045EDE441CA1172D00D734EC /* Project object */;
}
